# GENERATED by scripts/sync-nvim.sh — vendored editor provenance (the INBOUND lock).
# ──────────────────────────────────────────────────────────────────────────────
# nvim/ IS NOT AUTHORED HERE. It is a vendored copy of dotgibson/dotfiles-nvim, which
# owns the editor: its own gate (headless startup, :checkhealth, stylua, luacheck against
# a real Neovim — none of which Core's runners can do), its own release line, and its own
# plugin-pin cadence. This file records WHICH revision of it this Core carries.
#
# Do NOT hand-edit the tree or this file. audit-core.sh §9q compares nvim_tree against the
# committed tree of nvim/ and fails on any difference — a hand-edit here is reported the
# same way a hand-edited core/ is reported TAMPERED in an OS repo. Edit upstream in
# dotfiles-nvim, then:
#
#   make sync-nvim                     # follow nvim_branch's tip
#   scripts/sync-nvim.sh --ref vX.Y.Z  # pin an exact release (the normal bump)
#
# THE DIRECTION IS THE POINT. core.lock is written BY this repo INTO each OS repo; this
# lock is written INTO this repo by a source it does not control. dotfiles-nvim is a repo
# Core vendors FROM, never one Core fans out TO — so it is deliberately absent from
# scripts/os-repos.txt (see that file's "DELIBERATELY ABSENT" block) and no fleet gate
# should ever try to push to it. dotfiles-Offense/companion.lock is the same shape for the
# same reason: an inbound lock needs _repo and _branch, because its source is not implicit
# the way Core's is.
#
# WHEN THE PIN MOVES: with a Core release, never on every nvim release
# (NVIM-SPLIT-PROPOSAL.md §7(3)). Adopting each editor release as it lands would reimport
# through the lock exactly the churn the extraction removed. scripts/check-nvim-freshness.sh
# reports how many releases behind this pin is, so "at Core's pace" cannot decay into
# "never".
# ──────────────────────────────────────────────────────────────────────────────
nvim_repo=dotgibson/dotfiles-nvim
nvim_branch=main
nvim_sha=7ba9457f0a1b795d9fe67870ba4fc7cab779f64e
# The nvim/ TREE OBJECT at nvim_sha, and the reason §9q needs no network, no object store
# and no tool to run. core-integrity.sh derives the expected tree by resolving the pinned
# commit — which it can, because the consumer fetched it. Core has no dotfiles-nvim object
# store, so deriving it here would mean a fetch, and a gate that self-skips offline is a
# gate that is green-because-absent in exactly the clone where a corrupt sync landed.
# Recording the hash instead makes the check a two-file comparison that is ALWAYS on.
nvim_tree=60fe8d828955f9b0ebb7bfaa6eab86243ea1167f
# Human-readable provenance, mirroring core.lock's core_version/core_tag. Neither is
# load-bearing — nvim_tree is what §9q compares and nvim_sha is what a sync resolves — but
# without them "which editor is this?" needed a network round-trip.
nvim_version=1.0.0
nvim_tag=v1.0.0
